
Microsoft Visual Studio Solution File, Format Version 12.00
# Visual Studio 15
VisualStudioVersion = 15.0.27130.2027
MinimumVisualStudioVersion = 10.0.40219.1
Project("{FAE04EC0-301F-11D3-BF4B-00C04F79EFBC}") = "cruza", "cruza\cruza.csproj", "{9DD6B4F5-26CC-4C50-A5CE-E35284F3888E}"
EndProject
Global
	GlobalSection(SolutionConfigurationPlatforms) = preSolution
		Debug|Any CPU = Debug|Any CPU
		Release|Any CPU = Release|Any CPU
	EndGlobalSection
	GlobalSection(ProjectConfigurationPlatforms) = postSolution
		{9DD6B4F5-26CC-4C50-A5CE-E35284F3888E}.Debug|Any CPU.ActiveCfg = Debug|Any CPU
		{9DD6B4F5-26CC-4C50-A5CE-E35284F3888E}.Debug|Any CPU.Build.0 = Debug|Any CPU
		{9DD6B4F5-26CC-4C50-A5CE-E35284F3888E}.Release|Any CPU.ActiveCfg = Release|Any CPU
		{9DD6B4F5-26CC-4C50-A5CE-E35284F3888E}.Release|Any CPU.Build.0 = Release|Any CPU
	EndGlobalSection
	GlobalSection(SolutionProperties) = preSolution
		HideSolutionNode = FALSE
	EndGlobalSection
	GlobalSection(ExtensibilityGlobals) = postSolution
		SolutionGuid = {BB013749-2864-41F9-8C40-32257EDCB660}
	EndGlobalSection
EndGlobal
