
Microsoft Visual Studio Solution File, Format Version 12.00
# Visual Studio 15
VisualStudioVersion = 15.0.27130.2027
MinimumVisualStudioVersion = 10.0.40219.1
Project("{FAE04EC0-301F-11D3-BF4B-00C04F79EFBC}") = "crusa", "crusa\crusa.csproj", "{F7A17FF2-37B2-4E8B-A71A-E16DF4B374D4}"
EndProject
Global
	GlobalSection(SolutionConfigurationPlatforms) = preSolution
		Debug|Any CPU = Debug|Any CPU
		Release|Any CPU = Release|Any CPU
	EndGlobalSection
	GlobalSection(ProjectConfigurationPlatforms) = postSolution
		{F7A17FF2-37B2-4E8B-A71A-E16DF4B374D4}.Debug|Any CPU.ActiveCfg = Debug|Any CPU
		{F7A17FF2-37B2-4E8B-A71A-E16DF4B374D4}.Debug|Any CPU.Build.0 = Debug|Any CPU
		{F7A17FF2-37B2-4E8B-A71A-E16DF4B374D4}.Release|Any CPU.ActiveCfg = Release|Any CPU
		{F7A17FF2-37B2-4E8B-A71A-E16DF4B374D4}.Release|Any CPU.Build.0 = Release|Any CPU
	EndGlobalSection
	GlobalSection(SolutionProperties) = preSolution
		HideSolutionNode = FALSE
	EndGlobalSection
	GlobalSection(ExtensibilityGlobals) = postSolution
		SolutionGuid = {A749E5DF-03C9-4BEA-9E14-4FA288790CBB}
	EndGlobalSection
EndGlobal
